{
  "lockfile_version": "1",
  "packages": {
    "eza@latest": {
      "last_modified": "2024-05-03T15:42:32Z",
      "resolved": "github:NixOS/nixpkgs/5fd8536a9a5932d4ae8de52b7dc08d92041237fc#eza",
      "source": "devbox-search",
      "version": "0.18.14",
      "systems": {
        "aarch64-darwin": {
          "outputs": [
            {
              "name": "out",
              "path": "/nix/store/3ji23pz1x94g0cj45r3cphmrll6vlh6w-eza-0.18.14",
              "default": true
            },
            {
              "name": "man",
              "path": "/nix/store/qrg0j3i39834p5zg4n397r85ki00251x-eza-0.18.14-man",
              "default": true
            }
          ],
          "store_path": "/nix/store/3ji23pz1x94g0cj45r3cphmrll6vlh6w-eza-0.18.14"
        },
        "aarch64-linux": {
          "outputs": [
            {
              "name": "out",
              "path": "/nix/store/18iq40jj7j6v464g4fblha8c2jpfgqgn-eza-0.18.14",
              "default": true
            },
            {
              "name": "man",
              "path": "/nix/store/nnanplpjg5cba8zsb08sq8pzdhrmy324-eza-0.18.14-man",
              "default": true
            }
          ],
          "store_path": "/nix/store/18iq40jj7j6v464g4fblha8c2jpfgqgn-eza-0.18.14"
        },
        "x86_64-darwin": {
          "outputs": [
            {
              "name": "out",
              "path": "/nix/store/aba6q54ac62kgf7wkpqr1skb3f8pzx5j-eza-0.18.14",
              "default": true
            },
            {
              "name": "man",
              "path": "/nix/store/p7y3d1n0h0awrkfqxs9l482b84mb6dv7-eza-0.18.14-man",
              "default": true
            }
          ],
          "store_path": "/nix/store/aba6q54ac62kgf7wkpqr1skb3f8pzx5j-eza-0.18.14"
        },
        "x86_64-linux": {
          "outputs": [
            {
              "name": "out",
              "path": "/nix/store/sb33b4iyrs9cl3swgs56dm96ah9nwsgr-eza-0.18.14",
              "default": true
            },
            {
              "name": "man",
              "path": "/nix/store/j9l6gq3ibrmpgy1pqn38b6x7jx90x98j-eza-0.18.14-man",
              "default": true
            }
          ],
          "store_path": "/nix/store/sb33b4iyrs9cl3swgs56dm96ah9nwsgr-eza-0.18.14"
        }
      }
    },
    "nodejs@latest": {
      "last_modified": "2024-04-26T00:29:51Z",
      "plugin_version": "0.0.2",
      "resolved": "github:NixOS/nixpkgs/4c86138ce486d601d956a165e2f7a0fc029a03c1#nodejs_22",
      "source": "devbox-search",
      "version": "22.0.0",
      "systems": {
        "aarch64-darwin": {
          "outputs": [
            {
              "name": "out",
              "path": "/nix/store/972dscdvkqhr81j2w1c74vlx2y4kfyzh-nodejs-22.0.0",
              "default": true
            },
            {
              "name": "libv8",
              "path": "/nix/store/z5fns5qrp1s53kys1v0bxfz2lk407773-nodejs-22.0.0-libv8"
            }
          ],
          "store_path": "/nix/store/972dscdvkqhr81j2w1c74vlx2y4kfyzh-nodejs-22.0.0"
        },
        "aarch64-linux": {
          "outputs": [
            {
              "name": "out",
              "path": "/nix/store/hcg06mvvlc7b33mg1zs2s4w3l32xpbvq-nodejs-22.0.0",
              "default": true
            },
            {
              "name": "libv8",
              "path": "/nix/store/8b9dlk35wy6x3sx6ld89ky7p41pwir99-nodejs-22.0.0-libv8"
            }
          ],
          "store_path": "/nix/store/hcg06mvvlc7b33mg1zs2s4w3l32xpbvq-nodejs-22.0.0"
        },
        "x86_64-darwin": {
          "outputs": [
            {
              "name": "out",
              "path": "/nix/store/3776rlwv2q8fvgh6lhi44v0gxck1hkqx-nodejs-22.0.0",
              "default": true
            },
            {
              "name": "libv8",
              "path": "/nix/store/3vhll9yxmcabk6lv6yz14ixixpim5j4a-nodejs-22.0.0-libv8"
            }
          ],
          "store_path": "/nix/store/3776rlwv2q8fvgh6lhi44v0gxck1hkqx-nodejs-22.0.0"
        },
        "x86_64-linux": {
          "outputs": [
            {
              "name": "out",
              "path": "/nix/store/nx76dx71yjni4bajdn9pshxqs38lkj29-nodejs-22.0.0",
              "default": true
            },
            {
              "name": "libv8",
              "path": "/nix/store/xakj3aq9bzxyvanpy6yfqg1ghmjjnkri-nodejs-22.0.0-libv8"
            }
          ],
          "store_path": "/nix/store/nx76dx71yjni4bajdn9pshxqs38lkj29-nodejs-22.0.0"
        }
      }
    },
    "swift-format@latest": {
      "last_modified": "2024-05-04T07:54:21Z",
      "resolved": "github:NixOS/nixpkgs/d32560238207b8e26d88b265207b216ee46b8450#swift-format",
      "source": "devbox-search",
      "version": "5.8",
      "systems": {
        "aarch64-darwin": {
          "outputs": [
            {
              "name": "out",
              "path": "/nix/store/mkigyc6vi8xpr8bijsfxriw9m1znb8v8-swift-format-5.8",
              "default": true
            }
          ],
          "store_path": "/nix/store/mkigyc6vi8xpr8bijsfxriw9m1znb8v8-swift-format-5.8"
        },
        "aarch64-linux": {
          "outputs": [
            {
              "name": "out",
              "path": "/nix/store/kcrvzbnr5a82fb3dhrmd306dmlr17f7y-swift-format-5.8",
              "default": true
            }
          ],
          "store_path": "/nix/store/kcrvzbnr5a82fb3dhrmd306dmlr17f7y-swift-format-5.8"
        },
        "x86_64-darwin": {
          "outputs": [
            {
              "name": "out",
              "path": "/nix/store/g7bkasqckvpbjrsvxfln1hqagjdqgx4w-swift-format-5.8",
              "default": true
            }
          ],
          "store_path": "/nix/store/g7bkasqckvpbjrsvxfln1hqagjdqgx4w-swift-format-5.8"
        },
        "x86_64-linux": {
          "outputs": [
            {
              "name": "out",
              "path": "/nix/store/8gbp9z40awgqr9f1a3akcwayfa75w8x4-swift-format-5.8",
              "default": true
            }
          ],
          "store_path": "/nix/store/8gbp9z40awgqr9f1a3akcwayfa75w8x4-swift-format-5.8"
        }
      }
    },
    "taplo-lsp@latest": {
      "last_modified": "2023-02-24T09:01:09Z",
      "resolved": "github:NixOS/nixpkgs/7d0ed7f2e5aea07ab22ccb338d27fbe347ed2f11#taplo-lsp",
      "source": "devbox-search",
      "version": "0.8.0"
    }
  }
}
