# generated by rye
# use `rye lock` or `rye sync` to update this lockfile
#
# last locked with the following flags:
#   pre: false
#   features: []
#   all-features: false

-e file:.
attrs==23.1.0
cattrs==23.1.2
lsprotocol==2023.0.0b1
nodeenv==1.8.0
packaging==23.2
pygls==1.1.2
pyright==1.1.335
ruff==0.1.5
ruff-lsp==0.0.45
typeguard==4.1.5
typing-extensions==4.8.0
# The following packages are considered to be unsafe in a requirements file:
setuptools==68.2.2
