{
  "version": "5",
  "specifiers": {
    "jsr:@core/unknownutil@^3.18.1": "3.18.1",
    "jsr:@david/dax@0.41": "0.41.0",
    "jsr:@david/which@~0.4.1": "0.4.1",
    "jsr:@std/assert@0.221": "0.221.0",
    "jsr:@std/bytes@0.221": "0.221.0",
    "jsr:@std/fmt@0.221": "0.221.0",
    "jsr:@std/fs@0.221.0": "0.221.0",
    "jsr:@std/io@0.221": "0.221.0",
    "jsr:@std/io@0.221.0": "0.221.0",
    "jsr:@std/path@0.221": "0.221.0",
    "jsr:@std/path@0.221.0": "0.221.0",
    "jsr:@std/streams@0.221.0": "0.221.0",
    "npm:@types/node@*": "22.5.4",
    "npm:karabiner.ts@^1.35.1": "1.35.1"
  },
  "jsr": {
    "@core/unknownutil@3.18.1": {
      "integrity": "6aaa108b623ff971d062dd345da7ca03b97f61ae3d29c8677bff14fec11f0d76"
    },
    "@david/dax@0.41.0": {
      "integrity": "9e1ecf66a0415962cc8ad3ba4e3fa93ce0f1a1cc797dd95c36fdfb6977dc7fc8",
      "dependencies": [
        "jsr:@david/which",
        "jsr:@std/fmt",
        "jsr:@std/fs",
        "jsr:@std/io@0.221.0",
        "jsr:@std/path@0.221.0",
        "jsr:@std/streams"
      ]
    },
    "@david/which@0.4.1": {
      "integrity": "896a682b111f92ab866cc70c5b4afab2f5899d2f9bde31ed00203b9c250f225e"
    },
    "@std/assert@0.221.0": {
      "integrity": "a5f1aa6e7909dbea271754fd4ab3f4e687aeff4873b4cef9a320af813adb489a"
    },
    "@std/bytes@0.221.0": {
      "integrity": "64a047011cf833890a4a2ab7293ac55a1b4f5a050624ebc6a0159c357de91966"
    },
    "@std/fmt@0.221.0": {
      "integrity": "379fed69bdd9731110f26b9085aeb740606b20428ce6af31ef6bd45ef8efa62a"
    },
    "@std/fs@0.221.0": {
      "integrity": "028044450299de8ed5a716ade4e6d524399f035513b85913794f4e81f07da286",
      "dependencies": [
        "jsr:@std/assert",
        "jsr:@std/path@0.221"
      ]
    },
    "@std/io@0.221.0": {
      "integrity": "faf7f8700d46ab527fa05cc6167f4b97701a06c413024431c6b4d207caa010da",
      "dependencies": [
        "jsr:@std/assert",
        "jsr:@std/bytes"
      ]
    },
    "@std/path@0.221.0": {
      "integrity": "0a36f6b17314ef653a3a1649740cc8db51b25a133ecfe838f20b79a56ebe0095",
      "dependencies": [
        "jsr:@std/assert"
      ]
    },
    "@std/streams@0.221.0": {
      "integrity": "47f2f74634b47449277c0ee79fe878da4424b66bd8975c032e3afdca88986e61",
      "dependencies": [
        "jsr:@std/io@0.221"
      ]
    }
  },
  "npm": {
    "@types/node@22.5.4": {
      "integrity": "sha512-FDuKUJQm/ju9fT/SeX/6+gBzoPzlVCzfzmGkwKvRHQVxi4BntVbyIwf6a4Xn62mrvndLiml6z/UBXIdEVjQLXg==",
      "dependencies": [
        "undici-types"
      ]
    },
    "karabiner.ts@1.35.1": {
      "integrity": "sha512-ndykub6ifouFN6Mz4C6e6VWtCH70rBFmts7ci1QPWXUBOnbBV+aWUPKUcwttHxaLOdGCDlsBsqTSkMKVSUVmMA=="
    },
    "undici-types@6.19.8": {
      "integrity": "sha512-ve2KP6f/JnbPBFyobGHuerC9g1FYGn/F8n1LWTwNxCEzd6IfqTwUQcNXgEtmmQ6DlRrC1hrSrBnCZPokRrDHjw=="
    }
  },
  "remote": {
    "https://deno.land/std@0.192.0/_util/asserts.ts": "178dfc49a464aee693a7e285567b3d0b555dc805ff490505a8aae34f9cfb1462",
    "https://deno.land/std@0.192.0/_util/os.ts": "d932f56d41e4f6a6093d56044e29ce637f8dcc43c5a90af43504a889cf1775e3",
    "https://deno.land/std@0.192.0/path/_constants.ts": "e49961f6f4f48039c0dfed3c3f93e963ca3d92791c9d478ac5b43183413136e0",
    "https://deno.land/std@0.192.0/path/_interface.ts": "6471159dfbbc357e03882c2266d21ef9afdb1e4aa771b0545e90db58a0ba314b",
    "https://deno.land/std@0.192.0/path/_util.ts": "d7abb1e0dea065f427b89156e28cdeb32b045870acdf865833ba808a73b576d0",
    "https://deno.land/std@0.192.0/path/common.ts": "ee7505ab01fd22de3963b64e46cff31f40de34f9f8de1fff6a1bd2fe79380000",
    "https://deno.land/std@0.192.0/path/glob.ts": "d479e0a695621c94d3fd7fe7abd4f9499caf32a8de13f25073451c6ef420a4e1",
    "https://deno.land/std@0.192.0/path/mod.ts": "f065032a7189404fdac3ad1a1551a9ac84751d2f25c431e101787846c86c79ef",
    "https://deno.land/std@0.192.0/path/posix.ts": "8b7c67ac338714b30c816079303d0285dd24af6b284f7ad63da5b27372a2c94d",
    "https://deno.land/std@0.192.0/path/separator.ts": "0fb679739d0d1d7bf45b68dacfb4ec7563597a902edbaf3c59b50d5bcadd93b1",
    "https://deno.land/std@0.192.0/path/win32.ts": "d186344e5583bcbf8b18af416d13d82b35a317116e6460a5a3953508c3de5bba",
    "https://deno.land/x/karabinerts@1.29.0/config/complex-modifications.ts": "e69d55cab405cee0b44998ae860360b692e4b8bab229478c135a7d0b61ca4b54",
    "https://deno.land/x/karabinerts@1.29.0/config/condition.ts": "09bce64dfacbc8e2a33785ba91981e41bc06747863dc2424ab8581190d05f60e",
    "https://deno.land/x/karabinerts@1.29.0/config/double-tap.ts": "3db1e202b6e4c7757ee414c22817aa16d3b3a2533c6cacb7d8fc8f8eea7a063e",
    "https://deno.land/x/karabinerts@1.29.0/config/duo-layer.ts": "9522008e0762542ae439092c7b0b3bc978774d59859609c704750df2305522d1",
    "https://deno.land/x/karabinerts@1.29.0/config/from.ts": "0701dde692baa649160a5ea14c64d7842dcc79613afa1d073bcda035a212f51b",
    "https://deno.land/x/karabinerts@1.29.0/config/layer.ts": "11032d1a5af78153a32f58a6cda02ae4475eb1872cd2e29f9f3933932eb6a1e9",
    "https://deno.land/x/karabinerts@1.29.0/config/manipulator.ts": "9389b02494ffef9a397f3e0d28d0f2042e41fc4eb39208dc4f1064b57fba4216",
    "https://deno.land/x/karabinerts@1.29.0/config/modifier.ts": "0c722f80751d4c164f9dc7a6db4cc3c2392bf111d8d22210a6873f09117fa32e",
    "https://deno.land/x/karabinerts@1.29.0/config/mouse-motion-to-scroll.ts": "e34a3716ab86254f57ed46f07e8a952ac1384e16186917da19238ab2fbcaea56",
    "https://deno.land/x/karabinerts@1.29.0/config/rule.ts": "2239eec0b68172b04eb73540cf99bfc3a4799471bd35d8f67aa35731563b489e",
    "https://deno.land/x/karabinerts@1.29.0/config/simlayer.ts": "b1959d43ec4ac3d377f82eb58f4256df8437146f5590ded0f2c533976a728674",
    "https://deno.land/x/karabinerts@1.29.0/config/simultaneous.ts": "b817d220d26fa3230e52b468aeb7de933521bed048040e2d648feedc6a5c6d4c",
    "https://deno.land/x/karabinerts@1.29.0/config/to-type-sequence.ts": "a1b027d0ad94a4fc5ab59e51b7b91fa2c5ac12b14654366a7ebeffb759a84a54",
    "https://deno.land/x/karabinerts@1.29.0/config/to.ts": "53d53bdd8b0444d70e9261ec695aa2ec5a64355c7daed736aa95796c6a485df8",
    "https://deno.land/x/karabinerts@1.29.0/deno.ts": "4c1eb9c1f75c51ac5061dbcb75e980a1b576dd634eb10fa4e8dadb787bff67e2",
    "https://deno.land/x/karabinerts@1.29.0/imports/import-json.ts": "00ce291f077157ecd70a9b284e61f47e8885b5df85c992b311c49e4d57244375",
    "https://deno.land/x/karabinerts@1.29.0/imports/import-profile.ts": "d71ae4718e0189c436b8de39d27a1727ccdcc70e528f4bb7e8a814c2a21b8d0f",
    "https://deno.land/x/karabinerts@1.29.0/index.ts": "bf83e3d6d0c97113871da092a4d3fe6a645457e7353954e2669be91b553df535",
    "https://deno.land/x/karabinerts@1.29.0/karabiner/consumer-key-code.ts": "ae9c9849de0c10cb56328215bdc681a3aa3fa8f5440b79383a52028ca6d3722b",
    "https://deno.land/x/karabinerts@1.29.0/karabiner/karabiner-config.ts": "4ca119b8cf8b92d569e6237c930f76e48a145bd95c513f1fbbb58a96edda5c9d",
    "https://deno.land/x/karabinerts@1.29.0/karabiner/key-code.ts": "c6800d9297f83ed44c9e63c81e8138852e4907df53754b7ee173347051b071f8",
    "https://deno.land/x/karabinerts@1.29.0/karabiner/pointing-button.ts": "63754296709d97a1d2cd7bdc932a4bbb6ce583054d7db5f6232ec9417ab9eb2a",
    "https://deno.land/x/karabinerts@1.29.0/output.ts": "a98b447de58e2e615231c08c615b2c495218f02ffa4df5aabe3a1512a5bc80c0",
    "https://deno.land/x/karabinerts@1.29.0/utils/build-context.ts": "3e8c93f4980e5c026800f5f298ad476a6378f5603e4cc9792d39f5bee44e0811",
    "https://deno.land/x/karabinerts@1.29.0/utils/from-modifier-overload.ts": "8e85ed6d4a672e2c1814b8cef5038c7e6059cee15cdc3690d29736c066c82e06",
    "https://deno.land/x/karabinerts@1.29.0/utils/key-alias.ts": "c7cc23f93f1fe44034d977f6d24186bd654110ba02566b26a9fc222b256b4f61",
    "https://deno.land/x/karabinerts@1.29.0/utils/leader-mode.ts": "c40670adaa5d93e6d4deb0c5ab27b313e70313607901bf3b18f737fdc8141edf",
    "https://deno.land/x/karabinerts@1.29.0/utils/multi-modifier.ts": "7e466aec4833b1127b9c663b6500fd574fdf739ab860f885770a80262a5041b0",
    "https://deno.land/x/karabinerts@1.29.0/utils/optional-modifiers.ts": "de6cec348247324ed67bc4fa0caaf4fedb5ce8a715d8d4e7c89dbc1935606378",
    "https://deno.land/x/karabinerts@1.29.0/utils/to-array.ts": "2465381ada706d013f8fce11fb073303cef14ed2e01ed17930395021d2886e62",
    "https://deno.land/x/karabinerts@1.29.0/utils/with-condition.ts": "cce5784d4305c9df285e8f390bc02d34c247bd9cddab458894e6ee88f1b2b060",
    "https://deno.land/x/karabinerts@1.29.0/utils/with-mapper.ts": "3b6aca69277c73a0e853d875d0233a4d4acfa358e0664ac35eb167571a4bc642",
    "https://deno.land/x/karabinerts@1.29.0/utils/with-modifier.ts": "6ec0223c4132199921e1807f61a85940aa87a6f4252d1c4c9092bd85af453b6c"
  },
  "workspace": {
    "dependencies": [
      "jsr:@core/unknownutil@^3.18.1",
      "jsr:@david/dax@0.41",
      "npm:karabiner.ts@^1.35.1"
    ]
  }
}
